
Microsoft Visual Studio Solution File, Format Version 12.00
# Visual Studio Version 17
VisualStudioVersion = 17.3.32929.385
MinimumVisualStudioVersion = 10.0.40219.1
Project("{FAE04EC0-301F-11D3-BF4B-00C04F79EFBC}") = "SignalR_POC", "SignalR_POC\SignalR_POC.csproj", "{186290E8-29FA-4014-8981-CD85908E4BA5}"
EndProject
Project("{FAE04EC0-301F-11D3-BF4B-00C04F79EFBC}") = "SignalRClient", "SignalRClient\SignalRClient.csproj", "{A60E49E4-9E9B-4E49-AE12-DFC4A9307440}"
EndProject
Global
	GlobalSection(SolutionConfigurationPlatforms) = preSolution
		Debug|Any CPU = Debug|Any CPU
		Release|Any CPU = Release|Any CPU
	EndGlobalSection
	GlobalSection(ProjectConfigurationPlatforms) = postSolution
		{186290E8-29FA-4014-8981-CD85908E4BA5}.Debug|Any CPU.ActiveCfg = Debug|Any CPU
		{186290E8-29FA-4014-8981-CD85908E4BA5}.Debug|Any CPU.Build.0 = Debug|Any CPU
		{186290E8-29FA-4014-8981-CD85908E4BA5}.Release|Any CPU.ActiveCfg = Release|Any CPU
		{186290E8-29FA-4014-8981-CD85908E4BA5}.Release|Any CPU.Build.0 = Release|Any CPU
		{A60E49E4-9E9B-4E49-AE12-DFC4A9307440}.Debug|Any CPU.ActiveCfg = Debug|Any CPU
		{A60E49E4-9E9B-4E49-AE12-DFC4A9307440}.Debug|Any CPU.Build.0 = Debug|Any CPU
		{A60E49E4-9E9B-4E49-AE12-DFC4A9307440}.Release|Any CPU.ActiveCfg = Release|Any CPU
		{A60E49E4-9E9B-4E49-AE12-DFC4A9307440}.Release|Any CPU.Build.0 = Release|Any CPU
	EndGlobalSection
	GlobalSection(SolutionProperties) = preSolution
		HideSolutionNode = FALSE
	EndGlobalSection
	GlobalSection(ExtensibilityGlobals) = postSolution
		SolutionGuid = {E7BA37FB-1706-481F-A0C9-08BCF0F26562}
	EndGlobalSection
EndGlobal
